
Microsoft Visual Studio Solution File, Format Version 12.00
# Visual Studio Version 16
VisualStudioVersion = 16.0.29709.97
MinimumVisualStudioVersion = 10.0.40219.1
Project("{8BC9CEB8-8B4A-11D0-8D11-00A0C91BC942}") = "FusionReactor", "D3D12Engine\D3D12Engine.vcxproj", "{D6A4E757-0104-4FDE-8551-828A230E8A15}"
EndProject
Project("{8BC9CEB8-8B4A-11D0-8D11-00A0C91BC942}") = "Demo-Game", "Demo-Game\Demo-Game.vcxproj", "{A2840856-E30C-4132-8EB3-9F623D362B25}"
EndProject
Project("{8BC9CEB8-8B4A-11D0-8D11-00A0C91BC942}") = "ShaderCompiler_Debug", "ShaderCompiler_Debug\ShaderCompiler_Debug.vcxproj", "{208282A4-394D-4C2E-83B5-8AE52378E7AD}"
EndProject
Project("{8BC9CEB8-8B4A-11D0-8D11-00A0C91BC942}") = "OBJ_Cutter", "OBJ_Cutter\OBJ_Cutter.vcxproj", "{8AD30C35-7662-4FC4-8250-C46AB8B311CB}"
EndProject
Project("{8BC9CEB8-8B4A-11D0-8D11-00A0C91BC942}") = "ImageChannelExtracter", "ImageChannelExtracter\ImageChannelExtracter.vcxproj", "{633B92BB-5A7F-4D89-8427-D53977BB2D22}"
EndProject
Global
	GlobalSection(SolutionConfigurationPlatforms) = preSolution
		Debug|x64 = Debug|x64
		Debug|x86 = Debug|x86
		Performance_Debug|x64 = Performance_Debug|x64
		Performance_Debug|x86 = Performance_Debug|x86
		Performance_NoGUI|x64 = Performance_NoGUI|x64
		Performance_NoGUI|x86 = Performance_NoGUI|x86
		Performance|x64 = Performance|x64
		Performance|x86 = Performance|x86
		Release|x64 = Release|x64
		Release|x86 = Release|x86
	EndGlobalSection
	GlobalSection(ProjectConfigurationPlatforms) = postSolution
		{D6A4E757-0104-4FDE-8551-828A230E8A15}.Debug|x64.ActiveCfg = Debug|x64
		{D6A4E757-0104-4FDE-8551-828A230E8A15}.Debug|x64.Build.0 = Debug|x64
		{D6A4E757-0104-4FDE-8551-828A230E8A15}.Debug|x86.ActiveCfg = Debug|Win32
		{D6A4E757-0104-4FDE-8551-828A230E8A15}.Debug|x86.Build.0 = Debug|Win32
		{D6A4E757-0104-4FDE-8551-828A230E8A15}.Performance_Debug|x64.ActiveCfg = Performance_Debug|x64
		{D6A4E757-0104-4FDE-8551-828A230E8A15}.Performance_Debug|x64.Build.0 = Performance_Debug|x64
		{D6A4E757-0104-4FDE-8551-828A230E8A15}.Performance_Debug|x86.ActiveCfg = Performance_Debug|Win32
		{D6A4E757-0104-4FDE-8551-828A230E8A15}.Performance_Debug|x86.Build.0 = Performance_Debug|Win32
		{D6A4E757-0104-4FDE-8551-828A230E8A15}.Performance_NoGUI|x64.ActiveCfg = Performance_NoGUI|x64
		{D6A4E757-0104-4FDE-8551-828A230E8A15}.Performance_NoGUI|x64.Build.0 = Performance_NoGUI|x64
		{D6A4E757-0104-4FDE-8551-828A230E8A15}.Performance_NoGUI|x86.ActiveCfg = Performance_NoGUI|Win32
		{D6A4E757-0104-4FDE-8551-828A230E8A15}.Performance_NoGUI|x86.Build.0 = Performance_NoGUI|Win32
		{D6A4E757-0104-4FDE-8551-828A230E8A15}.Performance|x64.ActiveCfg = Performance|x64
		{D6A4E757-0104-4FDE-8551-828A230E8A15}.Performance|x64.Build.0 = Performance|x64
		{D6A4E757-0104-4FDE-8551-828A230E8A15}.Performance|x86.ActiveCfg = Performance|Win32
		{D6A4E757-0104-4FDE-8551-828A230E8A15}.Performance|x86.Build.0 = Performance|Win32
		{D6A4E757-0104-4FDE-8551-828A230E8A15}.Release|x64.ActiveCfg = Release|x64
		{D6A4E757-0104-4FDE-8551-828A230E8A15}.Release|x64.Build.0 = Release|x64
		{D6A4E757-0104-4FDE-8551-828A230E8A15}.Release|x86.ActiveCfg = Release|Win32
		{D6A4E757-0104-4FDE-8551-828A230E8A15}.Release|x86.Build.0 = Release|Win32
		{A2840856-E30C-4132-8EB3-9F623D362B25}.Debug|x64.ActiveCfg = Debug|x64
		{A2840856-E30C-4132-8EB3-9F623D362B25}.Debug|x64.Build.0 = Debug|x64
		{A2840856-E30C-4132-8EB3-9F623D362B25}.Debug|x86.ActiveCfg = Debug|Win32
		{A2840856-E30C-4132-8EB3-9F623D362B25}.Debug|x86.Build.0 = Debug|Win32
		{A2840856-E30C-4132-8EB3-9F623D362B25}.Performance_Debug|x64.ActiveCfg = Performance_Debug|x64
		{A2840856-E30C-4132-8EB3-9F623D362B25}.Performance_Debug|x64.Build.0 = Performance_Debug|x64
		{A2840856-E30C-4132-8EB3-9F623D362B25}.Performance_Debug|x86.ActiveCfg = Performance_Debug|Win32
		{A2840856-E30C-4132-8EB3-9F623D362B25}.Performance_Debug|x86.Build.0 = Performance_Debug|Win32
		{A2840856-E30C-4132-8EB3-9F623D362B25}.Performance_NoGUI|x64.ActiveCfg = Performance_NoGUI|x64
		{A2840856-E30C-4132-8EB3-9F623D362B25}.Performance_NoGUI|x64.Build.0 = Performance_NoGUI|x64
		{A2840856-E30C-4132-8EB3-9F623D362B25}.Performance_NoGUI|x86.ActiveCfg = Performance_NoGUI|Win32
		{A2840856-E30C-4132-8EB3-9F623D362B25}.Performance_NoGUI|x86.Build.0 = Performance_NoGUI|Win32
		{A2840856-E30C-4132-8EB3-9F623D362B25}.Performance|x64.ActiveCfg = Performance|x64
		{A2840856-E30C-4132-8EB3-9F623D362B25}.Performance|x64.Build.0 = Performance|x64
		{A2840856-E30C-4132-8EB3-9F623D362B25}.Performance|x86.ActiveCfg = Performance|Win32
		{A2840856-E30C-4132-8EB3-9F623D362B25}.Performance|x86.Build.0 = Performance|Win32
		{A2840856-E30C-4132-8EB3-9F623D362B25}.Release|x64.ActiveCfg = Release|x64
		{A2840856-E30C-4132-8EB3-9F623D362B25}.Release|x64.Build.0 = Release|x64
		{A2840856-E30C-4132-8EB3-9F623D362B25}.Release|x86.ActiveCfg = Release|Win32
		{A2840856-E30C-4132-8EB3-9F623D362B25}.Release|x86.Build.0 = Release|Win32
		{208282A4-394D-4C2E-83B5-8AE52378E7AD}.Debug|x64.ActiveCfg = Debug|x64
		{208282A4-394D-4C2E-83B5-8AE52378E7AD}.Debug|x64.Build.0 = Debug|x64
		{208282A4-394D-4C2E-83B5-8AE52378E7AD}.Debug|x86.ActiveCfg = Debug|Win32
		{208282A4-394D-4C2E-83B5-8AE52378E7AD}.Debug|x86.Build.0 = Debug|Win32
		{208282A4-394D-4C2E-83B5-8AE52378E7AD}.Performance_Debug|x64.ActiveCfg = Performance_Debug|x64
		{208282A4-394D-4C2E-83B5-8AE52378E7AD}.Performance_Debug|x64.Build.0 = Performance_Debug|x64
		{208282A4-394D-4C2E-83B5-8AE52378E7AD}.Performance_Debug|x86.ActiveCfg = Performance_Debug|Win32
		{208282A4-394D-4C2E-83B5-8AE52378E7AD}.Performance_Debug|x86.Build.0 = Performance_Debug|Win32
		{208282A4-394D-4C2E-83B5-8AE52378E7AD}.Performance_NoGUI|x64.ActiveCfg = Performance_NoGUI|x64
		{208282A4-394D-4C2E-83B5-8AE52378E7AD}.Performance_NoGUI|x64.Build.0 = Performance_NoGUI|x64
		{208282A4-394D-4C2E-83B5-8AE52378E7AD}.Performance_NoGUI|x86.ActiveCfg = Performance_NoGUI|Win32
		{208282A4-394D-4C2E-83B5-8AE52378E7AD}.Performance_NoGUI|x86.Build.0 = Performance_NoGUI|Win32
		{208282A4-394D-4C2E-83B5-8AE52378E7AD}.Performance|x64.ActiveCfg = Performance|x64
		{208282A4-394D-4C2E-83B5-8AE52378E7AD}.Performance|x64.Build.0 = Performance|x64
		{208282A4-394D-4C2E-83B5-8AE52378E7AD}.Performance|x86.ActiveCfg = Performance|Win32
		{208282A4-394D-4C2E-83B5-8AE52378E7AD}.Performance|x86.Build.0 = Performance|Win32
		{208282A4-394D-4C2E-83B5-8AE52378E7AD}.Release|x64.ActiveCfg = Release|x64
		{208282A4-394D-4C2E-83B5-8AE52378E7AD}.Release|x64.Build.0 = Release|x64
		{208282A4-394D-4C2E-83B5-8AE52378E7AD}.Release|x86.ActiveCfg = Release|Win32
		{208282A4-394D-4C2E-83B5-8AE52378E7AD}.Release|x86.Build.0 = Release|Win32
		{8AD30C35-7662-4FC4-8250-C46AB8B311CB}.Debug|x64.ActiveCfg = Debug|x64
		{8AD30C35-7662-4FC4-8250-C46AB8B311CB}.Debug|x64.Build.0 = Debug|x64
		{8AD30C35-7662-4FC4-8250-C46AB8B311CB}.Debug|x86.ActiveCfg = Debug|Win32
		{8AD30C35-7662-4FC4-8250-C46AB8B311CB}.Debug|x86.Build.0 = Debug|Win32
		{8AD30C35-7662-4FC4-8250-C46AB8B311CB}.Performance_Debug|x64.ActiveCfg = Performance_Debug|x64
		{8AD30C35-7662-4FC4-8250-C46AB8B311CB}.Performance_Debug|x64.Build.0 = Performance_Debug|x64
		{8AD30C35-7662-4FC4-8250-C46AB8B311CB}.Performance_Debug|x86.ActiveCfg = Performance_Debug|Win32
		{8AD30C35-7662-4FC4-8250-C46AB8B311CB}.Performance_Debug|x86.Build.0 = Performance_Debug|Win32
		{8AD30C35-7662-4FC4-8250-C46AB8B311CB}.Performance_NoGUI|x64.ActiveCfg = Performance_NoGUI|x64
		{8AD30C35-7662-4FC4-8250-C46AB8B311CB}.Performance_NoGUI|x64.Build.0 = Performance_NoGUI|x64
		{8AD30C35-7662-4FC4-8250-C46AB8B311CB}.Performance_NoGUI|x86.ActiveCfg = Performance_NoGUI|Win32
		{8AD30C35-7662-4FC4-8250-C46AB8B311CB}.Performance_NoGUI|x86.Build.0 = Performance_NoGUI|Win32
		{8AD30C35-7662-4FC4-8250-C46AB8B311CB}.Performance|x64.ActiveCfg = Performance|x64
		{8AD30C35-7662-4FC4-8250-C46AB8B311CB}.Performance|x64.Build.0 = Performance|x64
		{8AD30C35-7662-4FC4-8250-C46AB8B311CB}.Performance|x86.ActiveCfg = Performance|Win32
		{8AD30C35-7662-4FC4-8250-C46AB8B311CB}.Performance|x86.Build.0 = Performance|Win32
		{8AD30C35-7662-4FC4-8250-C46AB8B311CB}.Release|x64.ActiveCfg = Release|x64
		{8AD30C35-7662-4FC4-8250-C46AB8B311CB}.Release|x64.Build.0 = Release|x64
		{8AD30C35-7662-4FC4-8250-C46AB8B311CB}.Release|x86.ActiveCfg = Release|Win32
		{8AD30C35-7662-4FC4-8250-C46AB8B311CB}.Release|x86.Build.0 = Release|Win32
		{633B92BB-5A7F-4D89-8427-D53977BB2D22}.Debug|x64.ActiveCfg = Debug|x64
		{633B92BB-5A7F-4D89-8427-D53977BB2D22}.Debug|x64.Build.0 = Debug|x64
		{633B92BB-5A7F-4D89-8427-D53977BB2D22}.Debug|x86.ActiveCfg = Debug|Win32
		{633B92BB-5A7F-4D89-8427-D53977BB2D22}.Debug|x86.Build.0 = Debug|Win32
		{633B92BB-5A7F-4D89-8427-D53977BB2D22}.Performance_Debug|x64.ActiveCfg = Debug|x64
		{633B92BB-5A7F-4D89-8427-D53977BB2D22}.Performance_Debug|x64.Build.0 = Debug|x64
		{633B92BB-5A7F-4D89-8427-D53977BB2D22}.Performance_Debug|x86.ActiveCfg = Debug|Win32
		{633B92BB-5A7F-4D89-8427-D53977BB2D22}.Performance_Debug|x86.Build.0 = Debug|Win32
		{633B92BB-5A7F-4D89-8427-D53977BB2D22}.Performance_NoGUI|x64.ActiveCfg = Release|x64
		{633B92BB-5A7F-4D89-8427-D53977BB2D22}.Performance_NoGUI|x64.Build.0 = Release|x64
		{633B92BB-5A7F-4D89-8427-D53977BB2D22}.Performance_NoGUI|x86.ActiveCfg = Release|Win32
		{633B92BB-5A7F-4D89-8427-D53977BB2D22}.Performance_NoGUI|x86.Build.0 = Release|Win32
		{633B92BB-5A7F-4D89-8427-D53977BB2D22}.Performance|x64.ActiveCfg = Release|x64
		{633B92BB-5A7F-4D89-8427-D53977BB2D22}.Performance|x64.Build.0 = Release|x64
		{633B92BB-5A7F-4D89-8427-D53977BB2D22}.Performance|x86.ActiveCfg = Release|Win32
		{633B92BB-5A7F-4D89-8427-D53977BB2D22}.Performance|x86.Build.0 = Release|Win32
		{633B92BB-5A7F-4D89-8427-D53977BB2D22}.Release|x64.ActiveCfg = Release|x64
		{633B92BB-5A7F-4D89-8427-D53977BB2D22}.Release|x64.Build.0 = Release|x64
		{633B92BB-5A7F-4D89-8427-D53977BB2D22}.Release|x86.ActiveCfg = Release|Win32
		{633B92BB-5A7F-4D89-8427-D53977BB2D22}.Release|x86.Build.0 = Release|Win32
	EndGlobalSection
	GlobalSection(SolutionProperties) = preSolution
		HideSolutionNode = FALSE
	EndGlobalSection
	GlobalSection(ExtensibilityGlobals) = postSolution
		SolutionGuid = {0208DE3B-592D-455E-A95A-5BA4C31962A5}
	EndGlobalSection
EndGlobal
