<?xml version="1.0" encoding="utf-8"?>
<Project ToolsVersion="4.0" xmlns="http://schemas.microsoft.com/developer/msbuild/2003">
  <ItemGroup>
    <Filter Include="Source Files">
      <UniqueIdentifier>{4FC737F1-C7A5-4376-A066-2A32D752A2FF}</UniqueIdentifier>
      <Extensions>cpp;c;cc;cxx;def;odl;idl;hpj;bat;asm;asmx</Extensions>
    </Filter>
    <Filter Include="Header Files">
      <UniqueIdentifier>{93995380-89BD-4b04-88EB-625FBE52EBFB}</UniqueIdentifier>
      <Extensions>h;hh;hpp;hxx;hm;inl;inc;ipp;xsd</Extensions>
    </Filter>
    <Filter Include="Resource Files">
      <UniqueIdentifier>{67DA6AB6-F800-4c08-8B7A-83BB121AAD01}</UniqueIdentifier>
      <Extensions>rc;ico;cur;bmp;dlg;rc2;rct;bin;rgs;gif;jpg;jpeg;jpe;resx;tiff;tif;png;wav;mfcribbon-ms</Extensions>
    </Filter>
  </ItemGroup>
  <ItemGroup>
    <ClCompile Include="D3D12\D3D12Camera.cpp">
      <Filter>Source Files</Filter>
    </ClCompile>
    <ClCompile Include="D3D12\D3D12Material.cpp">
      <Filter>Source Files</Filter>
    </ClCompile>
    <ClCompile Include="D3D12\D3D12Mesh.cpp">
      <Filter>Source Files</Filter>
    </ClCompile>
    <ClCompile Include="D3D12\D3D12Texture.cpp">
      <Filter>Source Files</Filter>
    </ClCompile>
    <ClCompile Include="D3D12\D3D12Window.cpp">
      <Filter>Source Files</Filter>
    </ClCompile>
    <ClCompile Include="D3D12\D3D12Technique.cpp">
      <Filter>Source Files</Filter>
    </ClCompile>
    <ClCompile Include="Camera.cpp">
      <Filter>Source Files</Filter>
    </ClCompile>
    <ClCompile Include="Material.cpp">
      <Filter>Source Files</Filter>
    </ClCompile>
    <ClCompile Include="Mesh.cpp">
      <Filter>Source Files</Filter>
    </ClCompile>
    <ClCompile Include="RenderState.cpp">
      <Filter>Source Files</Filter>
    </ClCompile>
    <ClCompile Include="Technique.cpp">
      <Filter>Source Files</Filter>
    </ClCompile>
    <ClCompile Include="Texture.cpp">
      <Filter>Source Files</Filter>
    </ClCompile>
    <ClCompile Include="Window.cpp">
      <Filter>Source Files</Filter>
    </ClCompile>
    <ClCompile Include="D3D12\D3D12RenderState.cpp">
      <Filter>Source Files</Filter>
    </ClCompile>
    <ClCompile Include="D3D12\D3D12VertexBuffer.cpp">
      <Filter>Source Files</Filter>
    </ClCompile>
    <ClCompile Include="ShaderManager.cpp">
      <Filter>Source Files</Filter>
    </ClCompile>
    <ClCompile Include="D3D12\D3D12ShaderManager.cpp">
      <Filter>Source Files</Filter>
    </ClCompile>
    <ClCompile Include="D3D12\External\LodePNG\lodepng.cpp">
      <Filter>Source Files</Filter>
    </ClCompile>
    <ClCompile Include="D3D12\D3D12TextureLoader.cpp">
      <Filter>Source Files</Filter>
    </ClCompile>
    <ClCompile Include="WindowInput.cpp">
      <Filter>Source Files</Filter>
    </ClCompile>
    <ClCompile Include="D3D12\D3D12VertexBufferLoader.cpp">
      <Filter>Source Files</Filter>
    </ClCompile>
    <ClCompile Include="D3D12\D3D12Terrain.cpp">
      <Filter>Source Files</Filter>
    </ClCompile>
    <ClCompile Include="Terrain.cpp">
      <Filter>Source Files</Filter>
    </ClCompile>
    <ClCompile Include="D3D12\FullScreenPass.cpp">
      <Filter>Source Files</Filter>
    </ClCompile>
    <ClCompile Include="D3D12\FXAAPass.cpp">
      <Filter>Source Files</Filter>
    </ClCompile>
    <ClCompile Include="D3D12\D3D12ParticleSystem.cpp">
      <Filter>Source Files</Filter>
    </ClCompile>
    <ClCompile Include="ParticleSystem.cpp">
      <Filter>Source Files</Filter>
    </ClCompile>
    <ClCompile Include="D3D12\D3D12API.cpp">
      <Filter>Source Files</Filter>
    </ClCompile>
    <ClCompile Include="RenderAPI.cpp">
      <Filter>Source Files</Filter>
    </ClCompile>
    <ClCompile Include="Renderer.cpp">
      <Filter>Source Files</Filter>
    </ClCompile>
    <ClCompile Include="D3D12\Renderers\D3D12ForwardRenderer.cpp">
      <Filter>Source Files</Filter>
    </ClCompile>
    <ClCompile Include="D3D12\Renderers\D3D12Renderer.cpp">
      <Filter>Source Files</Filter>
    </ClCompile>
    <ClCompile Include="D3D12\Renderers\D3D12RaytracerRenderer.cpp">
      <Filter>Source Files</Filter>
    </ClCompile>
    <ClCompile Include="D3D12\DXR\Temp\DXRBase.cpp">
      <Filter>Source Files</Filter>
    </ClCompile>
    <ClCompile Include="D3D12\DXR\Temp\D3D12Utils.cpp">
      <Filter>Source Files</Filter>
    </ClCompile>
    <ClCompile Include="D3D12\DXR\Temp\DXRUtils.cpp">
      <Filter>Source Files</Filter>
    </ClCompile>
    <ClCompile Include="D3D12\DXR\Temp\DXILShaderCompiler.cpp">
      <Filter>Source Files</Filter>
    </ClCompile>
    <ClCompile Include="stdafx.cpp">
      <Filter>Source Files</Filter>
    </ClCompile>
    <ClCompile Include="Light\LightSource.cpp">
      <Filter>Source Files</Filter>
    </ClCompile>
  </ItemGroup>
  <ItemGroup>
    <ClInclude Include="Texture.hpp">
      <Filter>Header Files</Filter>
    </ClInclude>
    <ClInclude Include="Material.hpp">
      <Filter>Header Files</Filter>
    </ClInclude>
    <ClInclude Include="Technique.hpp">
      <Filter>Header Files</Filter>
    </ClInclude>
    <ClInclude Include="RenderState.hpp">
      <Filter>Header Files</Filter>
    </ClInclude>
    <ClInclude Include="Mesh.hpp">
      <Filter>Header Files</Filter>
    </ClInclude>
    <ClInclude Include="Window.hpp">
      <Filter>Header Files</Filter>
    </ClInclude>
    <ClInclude Include="Math.hpp">
      <Filter>Header Files</Filter>
    </ClInclude>
    <ClInclude Include="Camera.hpp">
      <Filter>Header Files</Filter>
    </ClInclude>
    <ClInclude Include="D3D12\D3D12Camera.hpp">
      <Filter>Header Files</Filter>
    </ClInclude>
    <ClInclude Include="D3D12\D3D12Material.hpp">
      <Filter>Header Files</Filter>
    </ClInclude>
    <ClInclude Include="D3D12\D3D12Mesh.hpp">
      <Filter>Header Files</Filter>
    </ClInclude>
    <ClInclude Include="D3D12\D3D12RenderState.hpp">
      <Filter>Header Files</Filter>
    </ClInclude>
    <ClInclude Include="D3D12\D3D12Technique.hpp">
      <Filter>Header Files</Filter>
    </ClInclude>
    <ClInclude Include="D3D12\D3D12Texture.hpp">
      <Filter>Header Files</Filter>
    </ClInclude>
    <ClInclude Include="D3D12\D3D12Window.hpp">
      <Filter>Header Files</Filter>
    </ClInclude>
    <ClInclude Include="D3D12\GlobalSettings.hpp">
      <Filter>Header Files</Filter>
    </ClInclude>
    <ClInclude Include="D3D12\D3D12VertexBuffer.hpp">
      <Filter>Header Files</Filter>
    </ClInclude>
    <ClInclude Include="ShaderManager.hpp">
      <Filter>Header Files</Filter>
    </ClInclude>
    <ClInclude Include="D3D12\D3D12ShaderManager.hpp">
      <Filter>Header Files</Filter>
    </ClInclude>
    <ClInclude Include="D3D12\External\LodePNG\lodepng.h">
      <Filter>Header Files</Filter>
    </ClInclude>
    <ClInclude Include="D3D12\External\D3DX12\d3dx12.h">
      <Filter>Header Files</Filter>
    </ClInclude>
    <ClInclude Include="D3D12\D3D12TextureLoader.hpp">
      <Filter>Header Files</Filter>
    </ClInclude>
    <ClInclude Include="WindowInput.hpp">
      <Filter>Header Files</Filter>
    </ClInclude>
    <ClInclude Include="D3D12\D3D12VertexBufferLoader.hpp">
      <Filter>Header Files</Filter>
    </ClInclude>
    <ClInclude Include="D3D12\D3D12Terrain.hpp">
      <Filter>Header Files</Filter>
    </ClInclude>
    <ClInclude Include="Terrain.hpp">
      <Filter>Header Files</Filter>
    </ClInclude>
    <ClInclude Include="D3D12\FullScreenPass.hpp">
      <Filter>Header Files</Filter>
    </ClInclude>
    <ClInclude Include="D3D12\FXAAPass.hpp">
      <Filter>Header Files</Filter>
    </ClInclude>
    <ClInclude Include="D3D12\D3D12ParticleSystem.hpp">
      <Filter>Header Files</Filter>
    </ClInclude>
    <ClInclude Include="ParticleSystem.hpp">
      <Filter>Header Files</Filter>
    </ClInclude>
    <ClInclude Include="D3D12\D3D12API.hpp">
      <Filter>Header Files</Filter>
    </ClInclude>
    <ClInclude Include="RenderAPI.hpp">
      <Filter>Header Files</Filter>
    </ClInclude>
    <ClInclude Include="Renderer.hpp">
      <Filter>Header Files</Filter>
    </ClInclude>
    <ClInclude Include="D3D12\Renderers\D3D12ForwardRenderer.h">
      <Filter>Header Files</Filter>
    </ClInclude>
    <ClInclude Include="D3D12\Renderers\D3D12Renderer.h">
      <Filter>Header Files</Filter>
    </ClInclude>
    <ClInclude Include="D3D12\Renderers\D3D12RaytracerRenderer.h">
      <Filter>Header Files</Filter>
    </ClInclude>
    <ClInclude Include="D3D12\D3D12_FDecl.h">
      <Filter>Header Files</Filter>
    </ClInclude>
    <ClInclude Include="D3D12\DXR\Temp\DXRBase.h">
      <Filter>Header Files</Filter>
    </ClInclude>
    <ClInclude Include="D3D12\DXR\Temp\D3D12Utils.h">
      <Filter>Header Files</Filter>
    </ClInclude>
    <ClInclude Include="D3D12\DXR\Temp\DXRUtils.h">
      <Filter>Header Files</Filter>
    </ClInclude>
    <ClInclude Include="D3D12\DXR\Temp\DXILShaderCompiler.h">
      <Filter>Header Files</Filter>
    </ClInclude>
    <ClInclude Include="stdafx.h">
      <Filter>Header Files</Filter>
    </ClInclude>
    <ClInclude Include="Light\LightSource.h">
      <Filter>Header Files</Filter>
    </ClInclude>
  </ItemGroup>
</Project>